
Microsoft Visual Studio Solution File, Format Version 12.00
# Visual Studio Version 17
VisualStudioVersion = 17.13.35806.99
MinimumVisualStudioVersion = 10.0.40219.1
Project("{FAE04EC0-301F-11D3-BF4B-00C04F79EFBC}") = "PizzaDeliveryWeb.API", "PizzaWebAPI\PizzaDeliveryWeb.API.csproj", "{9687B802-6B19-46A1-A9E5-2A4CFD1A3D72}"
EndProject
Project("{FAE04EC0-301F-11D3-BF4B-00C04F79EFBC}") = "PizzaDeliveryWeb.Application", "PizzaDeliveryWeb.Application\PizzaDeliveryWeb.Application.csproj", "{6A40331F-96AA-41F3-96E7-052791FD9D8F}"
EndProject
Project("{FAE04EC0-301F-11D3-BF4B-00C04F79EFBC}") = "PizzaDeliveryWeb.Domain", "PizzaDeliveryWeb.Domain\PizzaDeliveryWeb.Domain.csproj", "{16D3F503-4DE4-4C90-AD33-C8618709671B}"
EndProject
Project("{FAE04EC0-301F-11D3-BF4B-00C04F79EFBC}") = "PizzaDeliveryWeb.Infrastructure", "PizzaDeliveryWeb.Infrastructure\PizzaDeliveryWeb.Infrastructure.csproj", "{4A61C522-B83C-4579-8341-61AD60154E2B}"
EndProject
Project("{FAE04EC0-301F-11D3-BF4B-00C04F79EFBC}") = "PizzaDeliveryProject.Tests", "PizzaDeliveryProject.Tests\PizzaDeliveryProject.Tests.csproj", "{ED48C4A7-FFF1-466C-A41B-D0DAC069C1C1}"
EndProject
Global
	GlobalSection(SolutionConfigurationPlatforms) = preSolution
		Debug|Any CPU = Debug|Any CPU
		Release|Any CPU = Release|Any CPU
	EndGlobalSection
	GlobalSection(ProjectConfigurationPlatforms) = postSolution
		{9687B802-6B19-46A1-A9E5-2A4CFD1A3D72}.Debug|Any CPU.ActiveCfg = Debug|Any CPU
		{9687B802-6B19-46A1-A9E5-2A4CFD1A3D72}.Debug|Any CPU.Build.0 = Debug|Any CPU
		{9687B802-6B19-46A1-A9E5-2A4CFD1A3D72}.Release|Any CPU.ActiveCfg = Release|Any CPU
		{9687B802-6B19-46A1-A9E5-2A4CFD1A3D72}.Release|Any CPU.Build.0 = Release|Any CPU
		{6A40331F-96AA-41F3-96E7-052791FD9D8F}.Debug|Any CPU.ActiveCfg = Debug|Any CPU
		{6A40331F-96AA-41F3-96E7-052791FD9D8F}.Debug|Any CPU.Build.0 = Debug|Any CPU
		{6A40331F-96AA-41F3-96E7-052791FD9D8F}.Release|Any CPU.ActiveCfg = Release|Any CPU
		{6A40331F-96AA-41F3-96E7-052791FD9D8F}.Release|Any CPU.Build.0 = Release|Any CPU
		{16D3F503-4DE4-4C90-AD33-C8618709671B}.Debug|Any CPU.ActiveCfg = Debug|Any CPU
		{16D3F503-4DE4-4C90-AD33-C8618709671B}.Debug|Any CPU.Build.0 = Debug|Any CPU
		{16D3F503-4DE4-4C90-AD33-C8618709671B}.Release|Any CPU.ActiveCfg = Release|Any CPU
		{16D3F503-4DE4-4C90-AD33-C8618709671B}.Release|Any CPU.Build.0 = Release|Any CPU
		{4A61C522-B83C-4579-8341-61AD60154E2B}.Debug|Any CPU.ActiveCfg = Debug|Any CPU
		{4A61C522-B83C-4579-8341-61AD60154E2B}.Debug|Any CPU.Build.0 = Debug|Any CPU
		{4A61C522-B83C-4579-8341-61AD60154E2B}.Release|Any CPU.ActiveCfg = Release|Any CPU
		{4A61C522-B83C-4579-8341-61AD60154E2B}.Release|Any CPU.Build.0 = Release|Any CPU
		{ED48C4A7-FFF1-466C-A41B-D0DAC069C1C1}.Debug|Any CPU.ActiveCfg = Debug|Any CPU
		{ED48C4A7-FFF1-466C-A41B-D0DAC069C1C1}.Debug|Any CPU.Build.0 = Debug|Any CPU
		{ED48C4A7-FFF1-466C-A41B-D0DAC069C1C1}.Release|Any CPU.ActiveCfg = Release|Any CPU
		{ED48C4A7-FFF1-466C-A41B-D0DAC069C1C1}.Release|Any CPU.Build.0 = Release|Any CPU
	EndGlobalSection
	GlobalSection(SolutionProperties) = preSolution
		HideSolutionNode = FALSE
	EndGlobalSection
	GlobalSection(ExtensibilityGlobals) = postSolution
		SolutionGuid = {4A2FC9B9-F6B3-4B05-A51F-F35F3B9990D4}
	EndGlobalSection
EndGlobal
